// !$*UTF8*$!
{
	archiveVersion = 1;
	classes = {
	};
	objectVersion = 46;
	objects = {

/* Begin PBXBuildFile section */
		8A08898E1B8AA19F0003445D /* main.m in Sources */ = {isa = PBXBuildFile; fileRef = 8A08898D1B8AA19F0003445D /* main.m */; };
		8A0889911B8AA19F0003445D /* AppDelegate.m in Sources */ = {isa = PBXBuildFile; fileRef = 8A0889901B8AA19F0003445D /* AppDelegate.m */; };
		8A0889941B8AA19F0003445D /* ViewController.m in Sources */ = {isa = PBXBuildFile; fileRef = 8A0889931B8AA19F0003445D /* ViewController.m */; };
		8A0889971B8AA19F0003445D /* Main.storyboard in Resources */ = {isa = PBXBuildFile; fileRef = 8A0889951B8AA19F0003445D /* Main.storyboard */; };
		8A0889991B8AA19F0003445D /* Images.xcassets in Resources */ = {isa = PBXBuildFile; fileRef = 8A0889981B8AA19F0003445D /* Images.xcassets */; };
		8A08899C1B8AA19F0003445D /* LaunchScreen.xib in Resources */ = {isa = PBXBuildFile; fileRef = 8A08899A1B8AA19F0003445D /* LaunchScreen.xib */; };
		8A0889A81B8AA19F0003445D /* CircleOfFriendsTests.m in Sources */ = {isa = PBXBuildFile; fileRef = 8A0889A71B8AA19F0003445D /* CircleOfFriendsTests.m */; };
/* End PBXBuildFile section */

/* Begin PBXContainerItemProxy section */
		8A0889A21B8AA19F0003445D /* PBXContainerItemProxy */ = {
			isa = PBXContainerItemProxy;
			containerPortal = 8A0889801B8AA19F0003445D /* Project object */;
			proxyType = 1;
			remoteGlobalIDString = 8A0889871B8AA19F0003445D;
			remoteInfo = CircleOfFriends;
		};
/* End PBXContainerItemProxy section */

/* Begin PBXFileReference section */
		8A0889881B8AA19F0003445D /* CircleOfFriends.app */ = {isa = PBXFileReference; explicitFileType = wrapper.application; includeInIndex = 0; path = CircleOfFriends.app; sourceTree = BUILT_PRODUCTS_DIR; };
		8A08898C1B8AA19F0003445D /* Info.plist */ = {isa = PBXFileReference; lastKnownFileType = text.plist.xml; path = Info.plist; sourceTree = "<group>"; };
		8A08898D1B8AA19F0003445D /* main.m */ = {isa = PBXFileReference; lastKnownFileType = sourcecode.c.objc; path = main.m; sourceTree = "<group>"; };
		8A08898F1B8AA19F0003445D /* AppDelegate.h */ = {isa = PBXFileReference; lastKnownFileType = sourcecode.c.h; path = AppDelegate.h; sourceTree = "<group>"; };
		8A0889901B8AA19F0003445D /* AppDelegate.m */ = {isa = PBXFileReference; lastKnownFileType = sourcecode.c.objc; path = AppDelegate.m; sourceTree = "<group>"; };
		8A0889921B8AA19F0003445D /* ViewController.h */ = {isa = PBXFileReference; lastKnownFileType = sourcecode.c.h; path = ViewController.h; sourceTree = "<group>"; };
		8A0889931B8AA19F0003445D /* ViewController.m */ = {isa = PBXFileReference; lastKnownFileType = sourcecode.c.objc; path = ViewController.m; sourceTree = "<group>"; };
		8A0889961B8AA19F0003445D /* Base */ = {isa = PBXFileReference; lastKnownFileType = file.storyboard; name = Base; path = Base.lproj/Main.storyboard; sourceTree = "<group>"; };
		8A0889981B8AA19F0003445D /* Images.xcassets */ = {isa = PBXFileReference; lastKnownFileType = folder.assetcatalog; path = Images.xcassets; sourceTree = "<group>"; };
		8A08899B1B8AA19F0003445D /* Base */ = {isa = PBXFileReference; lastKnownFileType = file.xib; name = Base; path = Base.lproj/LaunchScreen.xib; sourceTree = "<group>"; };
		8A0889A11B8AA19F0003445D /* CircleOfFriendsTests.xctest */ = {isa = PBXFileReference; explicitFileType = wrapper.cfbundle; includeInIndex = 0; path = CircleOfFriendsTests.xctest; sourceTree = BUILT_PRODUCTS_DIR; };
		8A0889A61B8AA19F0003445D /* Info.plist */ = {isa = PBXFileReference; lastKnownFileType = text.plist.xml; path = Info.plist; sourceTree = "<group>"; };
		8A0889A71B8AA19F0003445D /* CircleOfFriendsTests.m */ = {isa = PBXFileReference; lastKnownFileType = sourcecode.c.objc; path = CircleOfFriendsTests.m; sourceTree = "<group>"; };
/* End PBXFileReference section */

/* Begin PBXFrameworksBuildPhase section */
		8A0889851B8AA19F0003445D /* Frameworks */ = {
			isa = PBXFrameworksBuildPhase;
			buildActionMask = 2147483647;
			files = (
			);
			runOnlyForDeploymentPostprocessing = 0;
		};
		8A08899E1B8AA19F0003445D /* Frameworks */ = {
			isa = PBXFrameworksBuildPhase;
			buildActionMask = 2147483647;
			files = (
			);
			runOnlyForDeploymentPostprocessing = 0;
		};
/* End PBXFrameworksBuildPhase section */

/* Begin PBXGroup section */
		8A08897F1B8AA19F0003445D = {
			isa = PBXGroup;
			children = (
				8A08898A1B8AA19F0003445D /* CircleOfFriends */,
				8A0889A41B8AA19F0003445D /* CircleOfFriendsTests */,
				8A0889891B8AA19F0003445D /* Products */,
			);
			sourceTree = "<group>";
		};
		8A0889891B8AA19F0003445D /* Products */ = {
			isa = PBXGroup;
			children = (
				8A0889881B8AA19F0003445D /* CircleOfFriends.app */,
				8A0889A11B8AA19F0003445D /* CircleOfFriendsTests.xctest */,
			);
			name = Products;
			sourceTree = "<group>";
		};
		8A08898A1B8AA19F0003445D /* CircleOfFriends */ = {
			isa = PBXGroup;
			children = (
				8A08898F1B8AA19F0003445D /* AppDelegate.h */,
				8A0889901B8AA19F0003445D /* AppDelegate.m */,
				8A0889921B8AA19F0003445D /* ViewController.h */,
				8A0889931B8AA19F0003445D /* ViewController.m */,
				8A0889951B8AA19F0003445D /* Main.storyboard */,
				8A0889981B8AA19F0003445D /* Images.xcassets */,
				8A08899A1B8AA19F0003445D /* LaunchScreen.xib */,
				8A08898B1B8AA19F0003445D /* Supporting Files */,
			);
			path = CircleOfFriends;
			sourceTree = "<group>";
		};
		8A08898B1B8AA19F0003445D /* Supporting Files */ = {
			isa = PBXGroup;
			children = (
				8A08898C1B8AA19F0003445D /* Info.plist */,
				8A08898D1B8AA19F0003445D /* main.m */,
			);
			name = "Supporting Files";
			sourceTree = "<group>";
		};
		8A0889A41B8AA19F0003445D /* CircleOfFriendsTests */ = {
			isa = PBXGroup;
			children = (
				8A0889A71B8AA19F0003445D /* CircleOfFriendsTests.m */,
				8A0889A51B8AA19F0003445D /* Supporting Files */,
			);
			path = CircleOfFriendsTests;
			sourceTree = "<group>";
		};
		8A0889A51B8AA19F0003445D /* Supporting Files */ = {
			isa = PBXGroup;
			children = (
				8A0889A61B8AA19F0003445D /* Info.plist */,
			);
			name = "Supporting Files";
			sourceTree = "<group>";
		};
/* End PBXGroup section */

/* Begin PBXNativeTarget section */
		8A0889871B8AA19F0003445D /* CircleOfFriends */ = {
			isa = PBXNativeTarget;
			buildConfigurationList = 8A0889AB1B8AA19F0003445D /* Build configuration list for PBXNativeTarget "CircleOfFriends" */;
			buildPhases = (
				8A0889841B8AA19F0003445D /* Sources */,
				8A0889851B8AA19F0003445D /* Frameworks */,
				8A0889861B8AA19F0003445D /* Resources */,
			);
			buildRules = (
			);
			dependencies = (
			);
			name = CircleOfFriends;
			productName = CircleOfFriends;
			productReference = 8A0889881B8AA19F0003445D /* CircleOfFriends.app */;
			productType = "com.apple.product-type.application";
		};
		8A0889A01B8AA19F0003445D /* CircleOfFriendsTests */ = {
			isa = PBXNativeTarget;
			buildConfigurationList = 8A0889AE1B8AA19F0003445D /* Build configuration list for PBXNativeTarget "CircleOfFriendsTests" */;
			buildPhases = (
				8A08899D1B8AA19F0003445D /* Sources */,
				8A08899E1B8AA19F0003445D /* Frameworks */,
				8A08899F1B8AA19F0003445D /* Resources */,
			);
			buildRules = (
			);
			dependencies = (
				8A0889A31B8AA19F0003445D /* PBXTargetDependency */,
			);
			name = CircleOfFriendsTests;
			productName = CircleOfFriendsTests;
			productReference = 8A0889A11B8AA19F0003445D /* CircleOfFriendsTests.xctest */;
			productType = "com.apple.product-type.bundle.unit-test";
		};
/* End PBXNativeTarget section */

/* Begin PBXProject section */
		8A0889801B8AA19F0003445D /* Project object */ = {
			isa = PBXProject;
			attributes = {
				LastUpgradeCheck = 0630;
				ORGANIZATIONNAME = Zlien;
				TargetAttributes = {
					8A0889871B8AA19F0003445D = {
						CreatedOnToolsVersion = 6.3.1;
					};
					8A0889A01B8AA19F0003445D = {
						CreatedOnToolsVersion = 6.3.1;
						TestTargetID = 8A0889871B8AA19F0003445D;
					};
				};
			};
			buildConfigurationList = 8A0889831B8AA19F0003445D /* Build configuration list for PBXProject "CircleOfFriends" */;
			compatibilityVersion = "Xcode 3.2";
			developmentRegion = English;
			hasScannedForEncodings = 0;
			knownRegions = (
				en,
				Base,
			);
			mainGroup = 8A08897F1B8AA19F0003445D;
			productRefGroup = 8A0889891B8AA19F0003445D /* Products */;
			projectDirPath = "";
			projectRoot = "";
			targets = (
				8A0889871B8AA19F0003445D /* CircleOfFriends */,
				8A0889A01B8AA19F0003445D /* CircleOfFriendsTests */,
			);
		};
/* End PBXProject section */

/* Begin PBXResourcesBuildPhase section */
		8A0889861B8AA19F0003445D /* Resources */ = {
			isa = PBXResourcesBuildPhase;
			buildActionMask = 2147483647;
			files = (
				8A0889971B8AA19F0003445D /* Main.storyboard in Resources */,
				8A08899C1B8AA19F0003445D /* LaunchScreen.xib in Resources */,
				8A0889991B8AA19F0003445D /* Images.xcassets in Resources */,
			);
			runOnlyForDeploymentPostprocessing = 0;
		};
		8A08899F1B8AA19F0003445D /* Resources */ = {
			isa = PBXResourcesBuildPhase;
			buildActionMask = 2147483647;
			files = (
			);
			runOnlyForDeploymentPostprocessing = 0;
		};
/* End PBXResourcesBuildPhase section */

/* Begin PBXSourcesBuildPhase section */
		8A0889841B8AA19F0003445D /* Sources */ = {
			isa = PBXSourcesBuildPhase;
			buildActionMask = 2147483647;
			files = (
				8A0889941B8AA19F0003445D /* ViewController.m in Sources */,
				8A0889911B8AA19F0003445D /* AppDelegate.m in Sources */,
				8A08898E1B8AA19F0003445D /* main.m in Sources */,
			);
			runOnlyForDeploymentPostprocessing = 0;
		};
		8A08899D1B8AA19F0003445D /* Sources */ = {
			isa = PBXSourcesBuildPhase;
			buildActionMask = 2147483647;
			files = (
				8A0889A81B8AA19F0003445D /* CircleOfFriendsTests.m in Sources */,
			);
			runOnlyForDeploymentPostprocessing = 0;
		};
/* End PBXSourcesBuildPhase section */

/* Begin PBXTargetDependency section */
		8A0889A31B8AA19F0003445D /* PBXTargetDependency */ = {
			isa = PBXTargetDependency;
			target = 8A0889871B8AA19F0003445D /* CircleOfFriends */;
			targetProxy = 8A0889A21B8AA19F0003445D /* PBXContainerItemProxy */;
		};
/* End PBXTargetDependency section */

/* Begin PBXVariantGroup section */
		8A0889951B8AA19F0003445D /* Main.storyboard */ = {
			isa = PBXVariantGroup;
			children = (
				8A0889961B8AA19F0003445D /* Base */,
			);
			name = Main.storyboard;
			sourceTree = "<group>";
		};
		8A08899A1B8AA19F0003445D /* LaunchScreen.xib */ = {
			isa = PBXVariantGroup;
			children = (
				8A08899B1B8AA19F0003445D /* Base */,
			);
			name = LaunchScreen.xib;
			sourceTree = "<group>";
		};
/* End PBXVariantGroup section */

/* Begin XCBuildConfiguration section */
		8A0889A91B8AA19F0003445D /* Debug */ = {
			isa = XCBuildConfiguration;
			buildSettings = {
				ALWAYS_SEARCH_USER_PATHS = NO;
				CLANG_CXX_LANGUAGE_STANDARD = "gnu++0x";
				CLANG_CXX_LIBRARY = "libc++";
				CLANG_ENABLE_MODULES = YES;
				CLANG_ENABLE_OBJC_ARC = YES;
				CLANG_WARN_BOOL_CONVERSION = YES;
				CLANG_WARN_CONSTANT_CONVERSION = YES;
				CLANG_WARN_DIRECT_OBJC_ISA_USAGE = YES_ERROR;
				CLANG_WARN_EMPTY_BODY = YES;
				CLANG_WARN_ENUM_CONVERSION = YES;
				CLANG_WARN_INT_CONVERSION = YES;
				CLANG_WARN_OBJC_ROOT_CLASS = YES_ERROR;
				CLANG_WARN_UNREACHABLE_CODE = YES;
				CLANG_WARN__DUPLICATE_METHOD_MATCH = YES;
				"CODE_SIGN_IDENTITY[sdk=iphoneos*]" = "iPhone Developer";
				COPY_PHASE_STRIP = NO;
				DEBUG_INFORMATION_FORMAT = "dwarf-with-dsym";
				ENABLE_STRICT_OBJC_MSGSEND = YES;
				GCC_C_LANGUAGE_STANDARD = gnu99;
				GCC_DYNAMIC_NO_PIC = NO;
				GCC_NO_COMMON_BLOCKS = YES;
				GCC_OPTIMIZATION_LEVEL = 0;
				GCC_PREPROCESSOR_DEFINITIONS = (
					"DEBUG=1",
					"$(inherited)",
				);
				GCC_SYMBOLS_PRIVATE_EXTERN = NO;
				GCC_WARN_64_TO_32_BIT_CONVERSION = YES;
				GCC_WARN_ABOUT_RETURN_TYPE = YES_ERROR;
				GCC_WARN_UNDECLARED_SELECTOR = YES;
				GCC_WARN_UNINITIALIZED_AUTOS = YES_AGGRESSIVE;
				GCC_WARN_UNUSED_FUNCTION = YES;
				GCC_WARN_UNUSED_VARIABLE = YES;
				IPHONEOS_DEPLOYMENT_TARGET = 8.3;
				MTL_ENABLE_DEBUG_INFO = YES;
				ONLY_ACTIVE_ARCH = YES;
				SDKROOT = iphoneos;
			};
			name = Debug;
		};
		8A0889AA1B8AA19F0003445D /* Release */ = {
			isa = XCBuildConfiguration;
			buildSettings = {
				ALWAYS_SEARCH_USER_PATHS = NO;
				CLANG_CXX_LANGUAGE_STANDARD = "gnu++0x";
				CLANG_CXX_LIBRARY = "libc++";
				CLANG_ENABLE_MODULES = YES;
				CLANG_ENABLE_OBJC_ARC = YES;
				CLANG_WARN_BOOL_CONVERSION = YES;
				CLANG_WARN_CONSTANT_CONVERSION = YES;
				CLANG_WARN_DIRECT_OBJC_ISA_USAGE = YES_ERROR;
				CLANG_WARN_EMPTY_BODY = YES;
				CLANG_WARN_ENUM_CONVERSION = YES;
				CLANG_WARN_INT_CONVERSION = YES;
				CLANG_WARN_OBJC_ROOT_CLASS = YES_ERROR;
				CLANG_WARN_UNREACHABLE_CODE = YES;
				CLANG_WARN__DUPLICATE_METHOD_MATCH = YES;
				"CODE_SIGN_IDENTITY[sdk=iphoneos*]" = "iPhone Developer";
				COPY_PHASE_STRIP = NO;
				DEBUG_INFORMATION_FORMAT = "dwarf-with-dsym";
				ENABLE_NS_ASSERTIONS = NO;
				ENABLE_STRICT_OBJC_MSGSEND = YES;
				GCC_C_LANGUAGE_STANDARD = gnu99;
				GCC_NO_COMMON_BLOCKS = YES;
				GCC_WARN_64_TO_32_BIT_CONVERSION = YES;
				GCC_WARN_ABOUT_RETURN_TYPE = YES_ERROR;
				GCC_WARN_UNDECLARED_SELECTOR = YES;
				GCC_WARN_UNINITIALIZED_AUTOS = YES_AGGRESSIVE;
				GCC_WARN_UNUSED_FUNCTION = YES;
				GCC_WARN_UNUSED_VARIABLE = YES;
				IPHONEOS_DEPLOYMENT_TARGET = 8.3;
				MTL_ENABLE_DEBUG_INFO = NO;
				SDKROOT = iphoneos;
				VALIDATE_PRODUCT = YES;
			};
			name = Release;
		};
		8A0889AC1B8AA19F0003445D /* Debug */ = {
			isa = XCBuildConfiguration;
			buildSettings = {
				ASSETCATALOG_COMPILER_APPICON_NAME = AppIcon;
				INFOPLIST_FILE = CircleOfFriends/Info.plist;
				LD_RUNPATH_SEARCH_PATHS = "$(inherited) @executable_path/Frameworks";
				PRODUCT_NAME = "$(TARGET_NAME)";
			};
			name = Debug;
		};
		8A0889AD1B8AA19F0003445D /* Release */ = {
			isa = XCBuildConfiguration;
			buildSettings = {
				ASSETCATALOG_COMPILER_APPICON_NAME = AppIcon;
				INFOPLIST_FILE = CircleOfFriends/Info.plist;
				LD_RUNPATH_SEARCH_PATHS = "$(inherited) @executable_path/Frameworks";
				PRODUCT_NAME = "$(TARGET_NAME)";
			};
			name = Release;
		};
		8A0889AF1B8AA19F0003445D /* Debug */ = {
			isa = XCBuildConfiguration;
			buildSettings = {
				BUNDLE_LOADER = "$(TEST_HOST)";
				FRAMEWORK_SEARCH_PATHS = (
					"$(SDKROOT)/Developer/Library/Frameworks",
					"$(inherited)",
				);
				GCC_PREPROCESSOR_DEFINITIONS = (
					"DEBUG=1",
					"$(inherited)",
				);
				INFOPLIST_FILE = CircleOfFriendsTests/Info.plist;
				LD_RUNPATH_SEARCH_PATHS = "$(inherited) @executable_path/Frameworks @loader_path/Frameworks";
				PRODUCT_NAME = "$(TARGET_NAME)";
				TEST_HOST = "$(BUILT_PRODUCTS_DIR)/CircleOfFriends.app/CircleOfFriends";
			};
			name = Debug;
		};
		8A0889B01B8AA19F0003445D /* Release */ = {
			isa = XCBuildConfiguration;
			buildSettings = {
				BUNDLE_LOADER = "$(TEST_HOST)";
				FRAMEWORK_SEARCH_PATHS = (
					"$(SDKROOT)/Developer/Library/Frameworks",
					"$(inherited)",
				);
				INFOPLIST_FILE = CircleOfFriendsTests/Info.plist;
				LD_RUNPATH_SEARCH_PATHS = "$(inherited) @executable_path/Frameworks @loader_path/Frameworks";
				PRODUCT_NAME = "$(TARGET_NAME)";
				TEST_HOST = "$(BUILT_PRODUCTS_DIR)/CircleOfFriends.app/CircleOfFriends";
			};
			name = Release;
		};
/* End XCBuildConfiguration section */

/* Begin XCConfigurationList section */
		8A0889831B8AA19F0003445D /* Build configuration list for PBXProject "CircleOfFriends" */ = {
			isa = XCConfigurationList;
			buildConfigurations = (
				8A0889A91B8AA19F0003445D /* Debug */,
				8A0889AA1B8AA19F0003445D /* Release */,
			);
			defaultConfigurationIsVisible = 0;
			defaultConfigurationName = Release;
		};
		8A0889AB1B8AA19F0003445D /* Build configuration list for PBXNativeTarget "CircleOfFriends" */ = {
			isa = XCConfigurationList;
			buildConfigurations = (
				8A0889AC1B8AA19F0003445D /* Debug */,
				8A0889AD1B8AA19F0003445D /* Release */,
			);
			defaultConfigurationIsVisible = 0;
		};
		8A0889AE1B8AA19F0003445D /* Build configuration list for PBXNativeTarget "CircleOfFriendsTests" */ = {
			isa = XCConfigurationList;
			buildConfigurations = (
				8A0889AF1B8AA19F0003445D /* Debug */,
				8A0889B01B8AA19F0003445D /* Release */,
			);
			defaultConfigurationIsVisible = 0;
		};
/* End XCConfigurationList section */
	};
	rootObject = 8A0889801B8AA19F0003445D /* Project object */;
}
