// !$*UTF8*$!
{
	archiveVersion = 1;
	classes = {
	};
	objectVersion = 46;
	objects = {

/* Begin PBXBuildFile section */
		8A08898E1B8AA19F0003445D /* main.m in Sources */ = {isa = PBXBuildFile; fileRef = 8A08898D1B8AA19F0003445D /* main.m */; };
		8A0889911B8AA19F0003445D /* AppDelegate.m in Sources */ = {isa = PBXBuildFile; fileRef = 8A0889901B8AA19F0003445D /* AppDelegate.m */; };
		8A0889941B8AA19F0003445D /* ViewController.m in Sources */ = {isa = PBXBuildFile; fileRef = 8A0889931B8AA19F0003445D /* ViewController.m */; };
		8A0889971B8AA19F0003445D /* Main.storyboard in Resources */ = {isa = PBXBuildFile; fileRef = 8A0889951B8AA19F0003445D /* Main.storyboard */; };
		8A0889991B8AA19F0003445D /* Images.xcassets in Resources */ = {isa = PBXBuildFile; fileRef = 8A0889981B8AA19F0003445D /* Images.xcassets */; };
		8A08899C1B8AA19F0003445D /* LaunchScreen.xib in Resources */ = {isa = PBXBuildFile; fileRef = 8A08899A1B8AA19F0003445D /* LaunchScreen.xib */; };
		8A0889A81B8AA19F0003445D /* CircleOfFriendsTests.m in Sources */ = {isa = PBXBuildFile; fileRef = 8A0889A71B8AA19F0003445D /* CircleOfFriendsTests.m */; };
		8A0889B91B8AA2E20003445D /* NameAndAvatarSection.m in Sources */ = {isa = PBXBuildFile; fileRef = 8A0889B81B8AA2E20003445D /* NameAndAvatarSection.m */; };
		8A0889C61B8AB3E00003445D /* Service.m in Sources */ = {isa = PBXBuildFile; fileRef = 8A0889C51B8AB3E00003445D /* Service.m */; };
		8A0889CF1B8AB59C0003445D /* UrlJson.m in Sources */ = {isa = PBXBuildFile; fileRef = 8A0889CE1B8AB59C0003445D /* UrlJson.m */; };
		8A0889D21B8AB5BA0003445D /* ContentMapping.m in Sources */ = {isa = PBXBuildFile; fileRef = 8A0889D11B8AB5BA0003445D /* ContentMapping.m */; };
		8A0889D51B8AB8680003445D /* ContentModel.m in Sources */ = {isa = PBXBuildFile; fileRef = 8A0889D41B8AB8680003445D /* ContentModel.m */; };
		8A0889DC1B8ABDFA0003445D /* ReadPlist.m in Sources */ = {isa = PBXBuildFile; fileRef = 8A0889DB1B8ABDFA0003445D /* ReadPlist.m */; };
		8A0889DF1B8ABF3B0003445D /* content.json in Resources */ = {isa = PBXBuildFile; fileRef = 8A0889DE1B8ABF3B0003445D /* content.json */; };
		8A0889F11B8B02CD0003445D /* ContentCell.m in Sources */ = {isa = PBXBuildFile; fileRef = 8A0889F01B8B02CD0003445D /* ContentCell.m */; };
		8A0889FA1B8B09AE0003445D /* 1.png in Resources */ = {isa = PBXBuildFile; fileRef = 8A0889F31B8B09AE0003445D /* 1.png */; };
		8A0889FB1B8B09AE0003445D /* 2.png in Resources */ = {isa = PBXBuildFile; fileRef = 8A0889F41B8B09AE0003445D /* 2.png */; };
		8A0889FC1B8B09AE0003445D /* 3.png in Resources */ = {isa = PBXBuildFile; fileRef = 8A0889F51B8B09AE0003445D /* 3.png */; };
		8A0889FD1B8B09AE0003445D /* 4.png in Resources */ = {isa = PBXBuildFile; fileRef = 8A0889F61B8B09AE0003445D /* 4.png */; };
		8A0889FE1B8B09AE0003445D /* 5.png in Resources */ = {isa = PBXBuildFile; fileRef = 8A0889F71B8B09AE0003445D /* 5.png */; };
		8A0889FF1B8B09AE0003445D /* 6.png in Resources */ = {isa = PBXBuildFile; fileRef = 8A0889F81B8B09AE0003445D /* 6.png */; };
		8A088A001B8B09AE0003445D /* 7.png in Resources */ = {isa = PBXBuildFile; fileRef = 8A0889F91B8B09AE0003445D /* 7.png */; };
		8A088A041B8B1A930003445D /* AlbumCover.png in Resources */ = {isa = PBXBuildFile; fileRef = 8A088A031B8B1A930003445D /* AlbumCover.png */; };
		8A088A081B8B22AB0003445D /* NavigationController.m in Sources */ = {isa = PBXBuildFile; fileRef = 8A088A071B8B22AB0003445D /* NavigationController.m */; };
		8A088A0F1B8B27340003445D /* RootViewController.m in Sources */ = {isa = PBXBuildFile; fileRef = 8A088A0D1B8B27340003445D /* RootViewController.m */; };
		8A088A101B8B27340003445D /* RootViewController.xib in Resources */ = {isa = PBXBuildFile; fileRef = 8A088A0E1B8B27340003445D /* RootViewController.xib */; };
		8A088A121B8B36240003445D /* ReadJson.m in Sources */ = {isa = PBXBuildFile; fileRef = 8A088A111B8B36240003445D /* ReadJson.m */; };
		8A088A591B8C02D50003445D /* URL.plist in Resources */ = {isa = PBXBuildFile; fileRef = 8A088A581B8C02D50003445D /* URL.plist */; };
		8A088A881B8C1F630003445D /* MJRefreshAutoFooter.m in Sources */ = {isa = PBXBuildFile; fileRef = 8A088A5E1B8C1F630003445D /* MJRefreshAutoFooter.m */; };
		8A088A891B8C1F630003445D /* MJRefreshBackFooter.m in Sources */ = {isa = PBXBuildFile; fileRef = 8A088A601B8C1F630003445D /* MJRefreshBackFooter.m */; };
		8A088A8A1B8C1F630003445D /* MJRefreshComponent.m in Sources */ = {isa = PBXBuildFile; fileRef = 8A088A621B8C1F630003445D /* MJRefreshComponent.m */; };
		8A088A8B1B8C1F630003445D /* MJRefreshFooter.m in Sources */ = {isa = PBXBuildFile; fileRef = 8A088A641B8C1F630003445D /* MJRefreshFooter.m */; };
		8A088A8C1B8C1F630003445D /* MJRefreshHeader.m in Sources */ = {isa = PBXBuildFile; fileRef = 8A088A661B8C1F630003445D /* MJRefreshHeader.m */; };
		8A088A8D1B8C1F630003445D /* MJRefreshAutoGifFooter.m in Sources */ = {isa = PBXBuildFile; fileRef = 8A088A6B1B8C1F630003445D /* MJRefreshAutoGifFooter.m */; };
		8A088A8E1B8C1F630003445D /* MJRefreshAutoNormalFooter.m in Sources */ = {isa = PBXBuildFile; fileRef = 8A088A6D1B8C1F630003445D /* MJRefreshAutoNormalFooter.m */; };
		8A088A8F1B8C1F630003445D /* MJRefreshAutoStateFooter.m in Sources */ = {isa = PBXBuildFile; fileRef = 8A088A6F1B8C1F630003445D /* MJRefreshAutoStateFooter.m */; };
		8A088A901B8C1F630003445D /* MJRefreshBackGifFooter.m in Sources */ = {isa = PBXBuildFile; fileRef = 8A088A721B8C1F630003445D /* MJRefreshBackGifFooter.m */; };
		8A088A911B8C1F630003445D /* MJRefreshBackNormalFooter.m in Sources */ = {isa = PBXBuildFile; fileRef = 8A088A741B8C1F630003445D /* MJRefreshBackNormalFooter.m */; };
		8A088A921B8C1F630003445D /* MJRefreshBackStateFooter.m in Sources */ = {isa = PBXBuildFile; fileRef = 8A088A761B8C1F630003445D /* MJRefreshBackStateFooter.m */; };
		8A088A931B8C1F630003445D /* MJRefreshGifHeader.m in Sources */ = {isa = PBXBuildFile; fileRef = 8A088A791B8C1F630003445D /* MJRefreshGifHeader.m */; };
		8A088A941B8C1F630003445D /* MJRefreshNormalHeader.m in Sources */ = {isa = PBXBuildFile; fileRef = 8A088A7B1B8C1F630003445D /* MJRefreshNormalHeader.m */; };
		8A088A951B8C1F630003445D /* MJRefreshStateHeader.m in Sources */ = {isa = PBXBuildFile; fileRef = 8A088A7D1B8C1F630003445D /* MJRefreshStateHeader.m */; };
		8A088A961B8C1F630003445D /* MJRefresh.bundle in Resources */ = {isa = PBXBuildFile; fileRef = 8A088A7E1B8C1F630003445D /* MJRefresh.bundle */; };
		8A088A971B8C1F630003445D /* MJRefreshConst.m in Sources */ = {isa = PBXBuildFile; fileRef = 8A088A811B8C1F630003445D /* MJRefreshConst.m */; };
		8A088A981B8C1F630003445D /* UIScrollView+MJExtension.m in Sources */ = {isa = PBXBuildFile; fileRef = 8A088A831B8C1F630003445D /* UIScrollView+MJExtension.m */; };
		8A088A991B8C1F630003445D /* UIScrollView+MJRefresh.m in Sources */ = {isa = PBXBuildFile; fileRef = 8A088A851B8C1F630003445D /* UIScrollView+MJRefresh.m */; };
		8A088A9A1B8C1F630003445D /* UIView+MJExtension.m in Sources */ = {isa = PBXBuildFile; fileRef = 8A088A871B8C1F630003445D /* UIView+MJExtension.m */; };
		8A2AAF1F1B8C6B520043A127 /* ContentInfoMapping.m in Sources */ = {isa = PBXBuildFile; fileRef = 8A2AAF1E1B8C6B520043A127 /* ContentInfoMapping.m */; };
		8A2AAF2E1B8C6E160043A127 /* content2.png in Resources */ = {isa = PBXBuildFile; fileRef = 8A2AAF221B8C6E160043A127 /* content2.png */; };
		8A2AAF2F1B8C6E160043A127 /* content3.png in Resources */ = {isa = PBXBuildFile; fileRef = 8A2AAF231B8C6E160043A127 /* content3.png */; };
		8A2AAF301B8C6E160043A127 /* content4.png in Resources */ = {isa = PBXBuildFile; fileRef = 8A2AAF241B8C6E160043A127 /* content4.png */; };
		8A2AAF311B8C6E160043A127 /* content5.png in Resources */ = {isa = PBXBuildFile; fileRef = 8A2AAF251B8C6E160043A127 /* content5.png */; };
		8A2AAF321B8C6E160043A127 /* content6.png in Resources */ = {isa = PBXBuildFile; fileRef = 8A2AAF261B8C6E160043A127 /* content6.png */; };
		8A2AAF331B8C6E160043A127 /* content7.png in Resources */ = {isa = PBXBuildFile; fileRef = 8A2AAF271B8C6E160043A127 /* content7.png */; };
		8A2AAF341B8C6E160043A127 /* content8.png in Resources */ = {isa = PBXBuildFile; fileRef = 8A2AAF281B8C6E160043A127 /* content8.png */; };
		8A2AAF351B8C6E160043A127 /* content9.png in Resources */ = {isa = PBXBuildFile; fileRef = 8A2AAF291B8C6E160043A127 /* content9.png */; };
		8A2AAF361B8C6E160043A127 /* content10.png in Resources */ = {isa = PBXBuildFile; fileRef = 8A2AAF2A1B8C6E160043A127 /* content10.png */; };
		8A2AAF371B8C6E160043A127 /* content11.png in Resources */ = {isa = PBXBuildFile; fileRef = 8A2AAF2B1B8C6E160043A127 /* content11.png */; };
		8A2AAF381B8C6E160043A127 /* content12.png in Resources */ = {isa = PBXBuildFile; fileRef = 8A2AAF2C1B8C6E160043A127 /* content12.png */; };
		8A2AAF3A1B8C718F0043A127 /* content1.png in Resources */ = {isa = PBXBuildFile; fileRef = 8A2AAF391B8C718F0043A127 /* content1.png */; };
		8A3D43F61B8D4E4400B57C15 /* like.png in Resources */ = {isa = PBXBuildFile; fileRef = 8A3D43F51B8D4E4400B57C15 /* like.png */; };
		8AE438991B8DEAA30076860F /* FeedFrame.m in Sources */ = {isa = PBXBuildFile; fileRef = 8AE438981B8DEAA30076860F /* FeedFrame.m */; };
		8AE4389C1B8EA6D80076860F /* reply.png in Resources */ = {isa = PBXBuildFile; fileRef = 8AE4389B1B8EA6D80076860F /* reply.png */; };
		8AE438AC1B8EDED10076860F /* ImageAvatar.png in Resources */ = {isa = PBXBuildFile; fileRef = 8AE438AB1B8EDED10076860F /* ImageAvatar.png */; };
/* End PBXBuildFile section */

/* Begin PBXContainerItemProxy section */
		8A0889A21B8AA19F0003445D /* PBXContainerItemProxy */ = {
			isa = PBXContainerItemProxy;
			containerPortal = 8A0889801B8AA19F0003445D /* Project object */;
			proxyType = 1;
			remoteGlobalIDString = 8A0889871B8AA19F0003445D;
			remoteInfo = CircleOfFriends;
		};
/* End PBXContainerItemProxy section */

/* Begin PBXFileReference section */
		8A0889881B8AA19F0003445D /* CircleOfFriends.app */ = {isa = PBXFileReference; explicitFileType = wrapper.application; includeInIndex = 0; path = CircleOfFriends.app; sourceTree = BUILT_PRODUCTS_DIR; };
		8A08898C1B8AA19F0003445D /* Info.plist */ = {isa = PBXFileReference; lastKnownFileType = text.plist.xml; path = Info.plist; sourceTree = "<group>"; };
		8A08898D1B8AA19F0003445D /* main.m */ = {isa = PBXFileReference; lastKnownFileType = sourcecode.c.objc; path = main.m; sourceTree = "<group>"; };
		8A08898F1B8AA19F0003445D /* AppDelegate.h */ = {isa = PBXFileReference; lastKnownFileType = sourcecode.c.h; path = AppDelegate.h; sourceTree = "<group>"; };
		8A0889901B8AA19F0003445D /* AppDelegate.m */ = {isa = PBXFileReference; lastKnownFileType = sourcecode.c.objc; path = AppDelegate.m; sourceTree = "<group>"; };
		8A0889921B8AA19F0003445D /* ViewController.h */ = {isa = PBXFileReference; lastKnownFileType = sourcecode.c.h; path = ViewController.h; sourceTree = "<group>"; };
		8A0889931B8AA19F0003445D /* ViewController.m */ = {isa = PBXFileReference; lastKnownFileType = sourcecode.c.objc; path = ViewController.m; sourceTree = "<group>"; };
		8A0889961B8AA19F0003445D /* Base */ = {isa = PBXFileReference; lastKnownFileType = file.storyboard; name = Base; path = Base.lproj/Main.storyboard; sourceTree = "<group>"; };
		8A0889981B8AA19F0003445D /* Images.xcassets */ = {isa = PBXFileReference; lastKnownFileType = folder.assetcatalog; path = Images.xcassets; sourceTree = "<group>"; };
		8A08899B1B8AA19F0003445D /* Base */ = {isa = PBXFileReference; lastKnownFileType = file.xib; name = Base; path = Base.lproj/LaunchScreen.xib; sourceTree = "<group>"; };
		8A0889A11B8AA19F0003445D /* CircleOfFriendsTests.xctest */ = {isa = PBXFileReference; explicitFileType = wrapper.cfbundle; includeInIndex = 0; path = CircleOfFriendsTests.xctest; sourceTree = BUILT_PRODUCTS_DIR; };
		8A0889A61B8AA19F0003445D /* Info.plist */ = {isa = PBXFileReference; lastKnownFileType = text.plist.xml; path = Info.plist; sourceTree = "<group>"; };
		8A0889A71B8AA19F0003445D /* CircleOfFriendsTests.m */ = {isa = PBXFileReference; lastKnownFileType = sourcecode.c.objc; path = CircleOfFriendsTests.m; sourceTree = "<group>"; };
		8A0889B71B8AA2E20003445D /* NameAndAvatarSection.h */ = {isa = PBXFileReference; fileEncoding = 4; lastKnownFileType = sourcecode.c.h; path = NameAndAvatarSection.h; sourceTree = "<group>"; };
		8A0889B81B8AA2E20003445D /* NameAndAvatarSection.m */ = {isa = PBXFileReference; fileEncoding = 4; lastKnownFileType = sourcecode.c.objc; path = NameAndAvatarSection.m; sourceTree = "<group>"; };
		8A0889BA1B8AA3080003445D /* ContentCell.h */ = {isa = PBXFileReference; fileEncoding = 4; lastKnownFileType = sourcecode.c.h; path = ContentCell.h; sourceTree = "<group>"; };
		8A0889C41B8AB3E00003445D /* Service.h */ = {isa = PBXFileReference; fileEncoding = 4; lastKnownFileType = sourcecode.c.h; path = Service.h; sourceTree = "<group>"; };
		8A0889C51B8AB3E00003445D /* Service.m */ = {isa = PBXFileReference; fileEncoding = 4; lastKnownFileType = sourcecode.c.objc; path = Service.m; sourceTree = "<group>"; };
		8A0889C71B8AB3FC0003445D /* ReadJson.h */ = {isa = PBXFileReference; fileEncoding = 4; lastKnownFileType = sourcecode.c.h; path = ReadJson.h; sourceTree = "<group>"; };
		8A0889CD1B8AB59C0003445D /* UrlJson.h */ = {isa = PBXFileReference; fileEncoding = 4; lastKnownFileType = sourcecode.c.h; path = UrlJson.h; sourceTree = "<group>"; };
		8A0889CE1B8AB59C0003445D /* UrlJson.m */ = {isa = PBXFileReference; fileEncoding = 4; lastKnownFileType = sourcecode.c.objc; path = UrlJson.m; sourceTree = "<group>"; };
		8A0889D01B8AB5BA0003445D /* ContentMapping.h */ = {isa = PBXFileReference; fileEncoding = 4; lastKnownFileType = sourcecode.c.h; path = ContentMapping.h; sourceTree = "<group>"; };
		8A0889D11B8AB5BA0003445D /* ContentMapping.m */ = {isa = PBXFileReference; fileEncoding = 4; lastKnownFileType = sourcecode.c.objc; path = ContentMapping.m; sourceTree = "<group>"; };
		8A0889D31B8AB8680003445D /* ContentModel.h */ = {isa = PBXFileReference; fileEncoding = 4; lastKnownFileType = sourcecode.c.h; path = ContentModel.h; sourceTree = "<group>"; };
		8A0889D41B8AB8680003445D /* ContentModel.m */ = {isa = PBXFileReference; fileEncoding = 4; lastKnownFileType = sourcecode.c.objc; path = ContentModel.m; sourceTree = "<group>"; };
		8A0889DA1B8ABDFA0003445D /* ReadPlist.h */ = {isa = PBXFileReference; fileEncoding = 4; lastKnownFileType = sourcecode.c.h; path = ReadPlist.h; sourceTree = "<group>"; };
		8A0889DB1B8ABDFA0003445D /* ReadPlist.m */ = {isa = PBXFileReference; fileEncoding = 4; lastKnownFileType = sourcecode.c.objc; path = ReadPlist.m; sourceTree = "<group>"; };
		8A0889DE1B8ABF3B0003445D /* content.json */ = {isa = PBXFileReference; fileEncoding = 4; lastKnownFileType = text.json; path = content.json; sourceTree = "<group>"; };
		8A0889F01B8B02CD0003445D /* ContentCell.m */ = {isa = PBXFileReference; fileEncoding = 4; lastKnownFileType = sourcecode.c.objc; path = ContentCell.m; sourceTree = "<group>"; };
		8A0889F31B8B09AE0003445D /* 1.png */ = {isa = PBXFileReference; lastKnownFileType = image.png; path = 1.png; sourceTree = "<group>"; };
		8A0889F41B8B09AE0003445D /* 2.png */ = {isa = PBXFileReference; lastKnownFileType = image.png; path = 2.png; sourceTree = "<group>"; };
		8A0889F51B8B09AE0003445D /* 3.png */ = {isa = PBXFileReference; lastKnownFileType = image.png; path = 3.png; sourceTree = "<group>"; };
		8A0889F61B8B09AE0003445D /* 4.png */ = {isa = PBXFileReference; lastKnownFileType = image.png; path = 4.png; sourceTree = "<group>"; };
		8A0889F71B8B09AE0003445D /* 5.png */ = {isa = PBXFileReference; lastKnownFileType = image.png; path = 5.png; sourceTree = "<group>"; };
		8A0889F81B8B09AE0003445D /* 6.png */ = {isa = PBXFileReference; lastKnownFileType = image.png; path = 6.png; sourceTree = "<group>"; };
		8A0889F91B8B09AE0003445D /* 7.png */ = {isa = PBXFileReference; lastKnownFileType = image.png; path = 7.png; sourceTree = "<group>"; };
		8A088A031B8B1A930003445D /* AlbumCover.png */ = {isa = PBXFileReference; lastKnownFileType = image.png; path = AlbumCover.png; sourceTree = "<group>"; };
		8A088A061B8B22AB0003445D /* NavigationController.h */ = {isa = PBXFileReference; fileEncoding = 4; lastKnownFileType = sourcecode.c.h; path = NavigationController.h; sourceTree = "<group>"; };
		8A088A071B8B22AB0003445D /* NavigationController.m */ = {isa = PBXFileReference; fileEncoding = 4; lastKnownFileType = sourcecode.c.objc; path = NavigationController.m; sourceTree = "<group>"; };
		8A088A0C1B8B27340003445D /* RootViewController.h */ = {isa = PBXFileReference; fileEncoding = 4; lastKnownFileType = sourcecode.c.h; path = RootViewController.h; sourceTree = "<group>"; };
		8A088A0D1B8B27340003445D /* RootViewController.m */ = {isa = PBXFileReference; fileEncoding = 4; lastKnownFileType = sourcecode.c.objc; path = RootViewController.m; sourceTree = "<group>"; };
		8A088A0E1B8B27340003445D /* RootViewController.xib */ = {isa = PBXFileReference; fileEncoding = 4; lastKnownFileType = file.xib; path = RootViewController.xib; sourceTree = "<group>"; };
		8A088A111B8B36240003445D /* ReadJson.m */ = {isa = PBXFileReference; fileEncoding = 4; lastKnownFileType = sourcecode.c.objc; path = ReadJson.m; sourceTree = "<group>"; };
		8A088A581B8C02D50003445D /* URL.plist */ = {isa = PBXFileReference; fileEncoding = 4; lastKnownFileType = text.plist.xml; path = URL.plist; sourceTree = "<group>"; };
		8A088A5D1B8C1F630003445D /* MJRefreshAutoFooter.h */ = {isa = PBXFileReference; fileEncoding = 4; lastKnownFileType = sourcecode.c.h; path = MJRefreshAutoFooter.h; sourceTree = "<group>"; };
		8A088A5E1B8C1F630003445D /* MJRefreshAutoFooter.m */ = {isa = PBXFileReference; fileEncoding = 4; lastKnownFileType = sourcecode.c.objc; path = MJRefreshAutoFooter.m; sourceTree = "<group>"; };
		8A088A5F1B8C1F630003445D /* MJRefreshBackFooter.h */ = {isa = PBXFileReference; fileEncoding = 4; lastKnownFileType = sourcecode.c.h; path = MJRefreshBackFooter.h; sourceTree = "<group>"; };
		8A088A601B8C1F630003445D /* MJRefreshBackFooter.m */ = {isa = PBXFileReference; fileEncoding = 4; lastKnownFileType = sourcecode.c.objc; path = MJRefreshBackFooter.m; sourceTree = "<group>"; };
		8A088A611B8C1F630003445D /* MJRefreshComponent.h */ = {isa = PBXFileReference; fileEncoding = 4; lastKnownFileType = sourcecode.c.h; path = MJRefreshComponent.h; sourceTree = "<group>"; };
		8A088A621B8C1F630003445D /* MJRefreshComponent.m */ = {isa = PBXFileReference; fileEncoding = 4; lastKnownFileType = sourcecode.c.objc; path = MJRefreshComponent.m; sourceTree = "<group>"; };
		8A088A631B8C1F630003445D /* MJRefreshFooter.h */ = {isa = PBXFileReference; fileEncoding = 4; lastKnownFileType = sourcecode.c.h; path = MJRefreshFooter.h; sourceTree = "<group>"; };
		8A088A641B8C1F630003445D /* MJRefreshFooter.m */ = {isa = PBXFileReference; fileEncoding = 4; lastKnownFileType = sourcecode.c.objc; path = MJRefreshFooter.m; sourceTree = "<group>"; };
		8A088A651B8C1F630003445D /* MJRefreshHeader.h */ = {isa = PBXFileReference; fileEncoding = 4; lastKnownFileType = sourcecode.c.h; path = MJRefreshHeader.h; sourceTree = "<group>"; };
		8A088A661B8C1F630003445D /* MJRefreshHeader.m */ = {isa = PBXFileReference; fileEncoding = 4; lastKnownFileType = sourcecode.c.objc; path = MJRefreshHeader.m; sourceTree = "<group>"; };
		8A088A6A1B8C1F630003445D /* MJRefreshAutoGifFooter.h */ = {isa = PBXFileReference; fileEncoding = 4; lastKnownFileType = sourcecode.c.h; path = MJRefreshAutoGifFooter.h; sourceTree = "<group>"; };
		8A088A6B1B8C1F630003445D /* MJRefreshAutoGifFooter.m */ = {isa = PBXFileReference; fileEncoding = 4; lastKnownFileType = sourcecode.c.objc; path = MJRefreshAutoGifFooter.m; sourceTree = "<group>"; };
		8A088A6C1B8C1F630003445D /* MJRefreshAutoNormalFooter.h */ = {isa = PBXFileReference; fileEncoding = 4; lastKnownFileType = sourcecode.c.h; path = MJRefreshAutoNormalFooter.h; sourceTree = "<group>"; };
		8A088A6D1B8C1F630003445D /* MJRefreshAutoNormalFooter.m */ = {isa = PBXFileReference; fileEncoding = 4; lastKnownFileType = sourcecode.c.objc; path = MJRefreshAutoNormalFooter.m; sourceTree = "<group>"; };
		8A088A6E1B8C1F630003445D /* MJRefreshAutoStateFooter.h */ = {isa = PBXFileReference; fileEncoding = 4; lastKnownFileType = sourcecode.c.h; path = MJRefreshAutoStateFooter.h; sourceTree = "<group>"; };
		8A088A6F1B8C1F630003445D /* MJRefreshAutoStateFooter.m */ = {isa = PBXFileReference; fileEncoding = 4; lastKnownFileType = sourcecode.c.objc; path = MJRefreshAutoStateFooter.m; sourceTree = "<group>"; };
		8A088A711B8C1F630003445D /* MJRefreshBackGifFooter.h */ = {isa = PBXFileReference; fileEncoding = 4; lastKnownFileType = sourcecode.c.h; path = MJRefreshBackGifFooter.h; sourceTree = "<group>"; };
		8A088A721B8C1F630003445D /* MJRefreshBackGifFooter.m */ = {isa = PBXFileReference; fileEncoding = 4; lastKnownFileType = sourcecode.c.objc; path = MJRefreshBackGifFooter.m; sourceTree = "<group>"; };
		8A088A731B8C1F630003445D /* MJRefreshBackNormalFooter.h */ = {isa = PBXFileReference; fileEncoding = 4; lastKnownFileType = sourcecode.c.h; path = MJRefreshBackNormalFooter.h; sourceTree = "<group>"; };
		8A088A741B8C1F630003445D /* MJRefreshBackNormalFooter.m */ = {isa = PBXFileReference; fileEncoding = 4; lastKnownFileType = sourcecode.c.objc; path = MJRefreshBackNormalFooter.m; sourceTree = "<group>"; };
		8A088A751B8C1F630003445D /* MJRefreshBackStateFooter.h */ = {isa = PBXFileReference; fileEncoding = 4; lastKnownFileType = sourcecode.c.h; path = MJRefreshBackStateFooter.h; sourceTree = "<group>"; };
		8A088A761B8C1F630003445D /* MJRefreshBackStateFooter.m */ = {isa = PBXFileReference; fileEncoding = 4; lastKnownFileType = sourcecode.c.objc; path = MJRefreshBackStateFooter.m; sourceTree = "<group>"; };
		8A088A781B8C1F630003445D /* MJRefreshGifHeader.h */ = {isa = PBXFileReference; fileEncoding = 4; lastKnownFileType = sourcecode.c.h; path = MJRefreshGifHeader.h; sourceTree = "<group>"; };
		8A088A791B8C1F630003445D /* MJRefreshGifHeader.m */ = {isa = PBXFileReference; fileEncoding = 4; lastKnownFileType = sourcecode.c.objc; path = MJRefreshGifHeader.m; sourceTree = "<group>"; };
		8A088A7A1B8C1F630003445D /* MJRefreshNormalHeader.h */ = {isa = PBXFileReference; fileEncoding = 4; lastKnownFileType = sourcecode.c.h; path = MJRefreshNormalHeader.h; sourceTree = "<group>"; };
		8A088A7B1B8C1F630003445D /* MJRefreshNormalHeader.m */ = {isa = PBXFileReference; fileEncoding = 4; lastKnownFileType = sourcecode.c.objc; path = MJRefreshNormalHeader.m; sourceTree = "<group>"; };
		8A088A7C1B8C1F630003445D /* MJRefreshStateHeader.h */ = {isa = PBXFileReference; fileEncoding = 4; lastKnownFileType = sourcecode.c.h; path = MJRefreshStateHeader.h; sourceTree = "<group>"; };
		8A088A7D1B8C1F630003445D /* MJRefreshStateHeader.m */ = {isa = PBXFileReference; fileEncoding = 4; lastKnownFileType = sourcecode.c.objc; path = MJRefreshStateHeader.m; sourceTree = "<group>"; };
		8A088A7E1B8C1F630003445D /* MJRefresh.bundle */ = {isa = PBXFileReference; lastKnownFileType = "wrapper.plug-in"; path = MJRefresh.bundle; sourceTree = "<group>"; };
		8A088A7F1B8C1F630003445D /* MJRefresh.h */ = {isa = PBXFileReference; fileEncoding = 4; lastKnownFileType = sourcecode.c.h; path = MJRefresh.h; sourceTree = "<group>"; };
		8A088A801B8C1F630003445D /* MJRefreshConst.h */ = {isa = PBXFileReference; fileEncoding = 4; lastKnownFileType = sourcecode.c.h; path = MJRefreshConst.h; sourceTree = "<group>"; };
		8A088A811B8C1F630003445D /* MJRefreshConst.m */ = {isa = PBXFileReference; fileEncoding = 4; lastKnownFileType = sourcecode.c.objc; path = MJRefreshConst.m; sourceTree = "<group>"; };
		8A088A821B8C1F630003445D /* UIScrollView+MJExtension.h */ = {isa = PBXFileReference; fileEncoding = 4; lastKnownFileType = sourcecode.c.h; path = "UIScrollView+MJExtension.h"; sourceTree = "<group>"; };
		8A088A831B8C1F630003445D /* UIScrollView+MJExtension.m */ = {isa = PBXFileReference; fileEncoding = 4; lastKnownFileType = sourcecode.c.objc; path = "UIScrollView+MJExtension.m"; sourceTree = "<group>"; };
		8A088A841B8C1F630003445D /* UIScrollView+MJRefresh.h */ = {isa = PBXFileReference; fileEncoding = 4; lastKnownFileType = sourcecode.c.h; path = "UIScrollView+MJRefresh.h"; sourceTree = "<group>"; };
		8A088A851B8C1F630003445D /* UIScrollView+MJRefresh.m */ = {isa = PBXFileReference; fileEncoding = 4; lastKnownFileType = sourcecode.c.objc; path = "UIScrollView+MJRefresh.m"; sourceTree = "<group>"; };
		8A088A861B8C1F630003445D /* UIView+MJExtension.h */ = {isa = PBXFileReference; fileEncoding = 4; lastKnownFileType = sourcecode.c.h; path = "UIView+MJExtension.h"; sourceTree = "<group>"; };
		8A088A871B8C1F630003445D /* UIView+MJExtension.m */ = {isa = PBXFileReference; fileEncoding = 4; lastKnownFileType = sourcecode.c.objc; path = "UIView+MJExtension.m"; sourceTree = "<group>"; };
		8A2AAF1D1B8C6B520043A127 /* ContentInfoMapping.h */ = {isa = PBXFileReference; fileEncoding = 4; lastKnownFileType = sourcecode.c.h; path = ContentInfoMapping.h; sourceTree = "<group>"; };
		8A2AAF1E1B8C6B520043A127 /* ContentInfoMapping.m */ = {isa = PBXFileReference; fileEncoding = 4; lastKnownFileType = sourcecode.c.objc; path = ContentInfoMapping.m; sourceTree = "<group>"; };
		8A2AAF221B8C6E160043A127 /* content2.png */ = {isa = PBXFileReference; lastKnownFileType = image.png; path = content2.png; sourceTree = "<group>"; };
		8A2AAF231B8C6E160043A127 /* content3.png */ = {isa = PBXFileReference; lastKnownFileType = image.png; path = content3.png; sourceTree = "<group>"; };
		8A2AAF241B8C6E160043A127 /* content4.png */ = {isa = PBXFileReference; lastKnownFileType = image.png; path = content4.png; sourceTree = "<group>"; };
		8A2AAF251B8C6E160043A127 /* content5.png */ = {isa = PBXFileReference; lastKnownFileType = image.png; path = content5.png; sourceTree = "<group>"; };
		8A2AAF261B8C6E160043A127 /* content6.png */ = {isa = PBXFileReference; lastKnownFileType = image.png; path = content6.png; sourceTree = "<group>"; };
		8A2AAF271B8C6E160043A127 /* content7.png */ = {isa = PBXFileReference; lastKnownFileType = image.png; path = content7.png; sourceTree = "<group>"; };
		8A2AAF281B8C6E160043A127 /* content8.png */ = {isa = PBXFileReference; lastKnownFileType = image.png; path = content8.png; sourceTree = "<group>"; };
		8A2AAF291B8C6E160043A127 /* content9.png */ = {isa = PBXFileReference; lastKnownFileType = image.png; path = content9.png; sourceTree = "<group>"; };
		8A2AAF2A1B8C6E160043A127 /* content10.png */ = {isa = PBXFileReference; lastKnownFileType = image.png; path = content10.png; sourceTree = "<group>"; };
		8A2AAF2B1B8C6E160043A127 /* content11.png */ = {isa = PBXFileReference; lastKnownFileType = image.png; path = content11.png; sourceTree = "<group>"; };
		8A2AAF2C1B8C6E160043A127 /* content12.png */ = {isa = PBXFileReference; lastKnownFileType = image.png; path = content12.png; sourceTree = "<group>"; };
		8A2AAF391B8C718F0043A127 /* content1.png */ = {isa = PBXFileReference; lastKnownFileType = image.png; path = content1.png; sourceTree = "<group>"; };
		8A3D43F51B8D4E4400B57C15 /* like.png */ = {isa = PBXFileReference; lastKnownFileType = image.png; path = like.png; sourceTree = "<group>"; };
		8AE438971B8DEAA30076860F /* FeedFrame.h */ = {isa = PBXFileReference; fileEncoding = 4; lastKnownFileType = sourcecode.c.h; path = FeedFrame.h; sourceTree = "<group>"; };
		8AE438981B8DEAA30076860F /* FeedFrame.m */ = {isa = PBXFileReference; fileEncoding = 4; lastKnownFileType = sourcecode.c.objc; path = FeedFrame.m; sourceTree = "<group>"; };
		8AE4389A1B8E03A40076860F /* CircleOfFriends-Prefix.pch */ = {isa = PBXFileReference; lastKnownFileType = sourcecode.c.h; path = "CircleOfFriends-Prefix.pch"; sourceTree = "<group>"; };
		8AE4389B1B8EA6D80076860F /* reply.png */ = {isa = PBXFileReference; lastKnownFileType = image.png; path = reply.png; sourceTree = "<group>"; };
		8AE438AB1B8EDED10076860F /* ImageAvatar.png */ = {isa = PBXFileReference; lastKnownFileType = image.png; path = ImageAvatar.png; sourceTree = "<group>"; };
/* End PBXFileReference section */

/* Begin PBXFrameworksBuildPhase section */
		8A0889851B8AA19F0003445D /* Frameworks */ = {
			isa = PBXFrameworksBuildPhase;
			buildActionMask = 2147483647;
			files = (
			);
			runOnlyForDeploymentPostprocessing = 0;
		};
		8A08899E1B8AA19F0003445D /* Frameworks */ = {
			isa = PBXFrameworksBuildPhase;
			buildActionMask = 2147483647;
			files = (
			);
			runOnlyForDeploymentPostprocessing = 0;
		};
/* End PBXFrameworksBuildPhase section */

/* Begin PBXGroup section */
		8A08897F1B8AA19F0003445D = {
			isa = PBXGroup;
			children = (
				8A08898A1B8AA19F0003445D /* CircleOfFriends */,
				8A0889A41B8AA19F0003445D /* CircleOfFriendsTests */,
				8A0889891B8AA19F0003445D /* Products */,
			);
			sourceTree = "<group>";
		};
		8A0889891B8AA19F0003445D /* Products */ = {
			isa = PBXGroup;
			children = (
				8A0889881B8AA19F0003445D /* CircleOfFriends.app */,
				8A0889A11B8AA19F0003445D /* CircleOfFriendsTests.xctest */,
			);
			name = Products;
			sourceTree = "<group>";
		};
		8A08898A1B8AA19F0003445D /* CircleOfFriends */ = {
			isa = PBXGroup;
			children = (
				8A088A051B8B22420003445D /* Controllers */,
				8A0889C01B8AAF4E0003445D /* Sections */,
				8A0889B31B8AA1F40003445D /* Services */,
				8A0889B21B8AA1EB0003445D /* Models */,
				8A0889B11B8AA1E40003445D /* Cells */,
				8A08898F1B8AA19F0003445D /* AppDelegate.h */,
				8A0889901B8AA19F0003445D /* AppDelegate.m */,
				8A0889981B8AA19F0003445D /* Images.xcassets */,
				8A0889951B8AA19F0003445D /* Main.storyboard */,
				8A08899A1B8AA19F0003445D /* LaunchScreen.xib */,
				8A088A0E1B8B27340003445D /* RootViewController.xib */,
				8A08898B1B8AA19F0003445D /* Supporting Files */,
				8AE4389A1B8E03A40076860F /* CircleOfFriends-Prefix.pch */,
			);
			path = CircleOfFriends;
			sourceTree = "<group>";
		};
		8A08898B1B8AA19F0003445D /* Supporting Files */ = {
			isa = PBXGroup;
			children = (
				8AE438AB1B8EDED10076860F /* ImageAvatar.png */,
				8AE4389B1B8EA6D80076860F /* reply.png */,
				8A3D43F51B8D4E4400B57C15 /* like.png */,
				8A088A5C1B8C1F630003445D /* Base */,
				8A088A671B8C1F630003445D /* Custom */,
				8A088A7E1B8C1F630003445D /* MJRefresh.bundle */,
				8A088A7F1B8C1F630003445D /* MJRefresh.h */,
				8A088A801B8C1F630003445D /* MJRefreshConst.h */,
				8A088A811B8C1F630003445D /* MJRefreshConst.m */,
				8A088A821B8C1F630003445D /* UIScrollView+MJExtension.h */,
				8A088A831B8C1F630003445D /* UIScrollView+MJExtension.m */,
				8A088A841B8C1F630003445D /* UIScrollView+MJRefresh.h */,
				8A088A851B8C1F630003445D /* UIScrollView+MJRefresh.m */,
				8A088A861B8C1F630003445D /* UIView+MJExtension.h */,
				8A088A871B8C1F630003445D /* UIView+MJExtension.m */,
				8A0889BD1B8AA4530003445D /* Resource */,
				8A08898C1B8AA19F0003445D /* Info.plist */,
				8A08898D1B8AA19F0003445D /* main.m */,
				8A0889DE1B8ABF3B0003445D /* content.json */,
			);
			name = "Supporting Files";
			sourceTree = "<group>";
		};
		8A0889A41B8AA19F0003445D /* CircleOfFriendsTests */ = {
			isa = PBXGroup;
			children = (
				8A0889A71B8AA19F0003445D /* CircleOfFriendsTests.m */,
				8A0889A51B8AA19F0003445D /* Supporting Files */,
			);
			path = CircleOfFriendsTests;
			sourceTree = "<group>";
		};
		8A0889A51B8AA19F0003445D /* Supporting Files */ = {
			isa = PBXGroup;
			children = (
				8A0889A61B8AA19F0003445D /* Info.plist */,
			);
			name = "Supporting Files";
			sourceTree = "<group>";
		};
		8A0889B11B8AA1E40003445D /* Cells */ = {
			isa = PBXGroup;
			children = (
				8A0889BA1B8AA3080003445D /* ContentCell.h */,
				8A0889F01B8B02CD0003445D /* ContentCell.m */,
				8AE438971B8DEAA30076860F /* FeedFrame.h */,
				8AE438981B8DEAA30076860F /* FeedFrame.m */,
			);
			name = Cells;
			sourceTree = "<group>";
		};
		8A0889B21B8AA1EB0003445D /* Models */ = {
			isa = PBXGroup;
			children = (
				8A0889D31B8AB8680003445D /* ContentModel.h */,
				8A0889D41B8AB8680003445D /* ContentModel.m */,
			);
			name = Models;
			sourceTree = "<group>";
		};
		8A0889B31B8AA1F40003445D /* Services */ = {
			isa = PBXGroup;
			children = (
				8A088A111B8B36240003445D /* ReadJson.m */,
				8A0889C71B8AB3FC0003445D /* ReadJson.h */,
				8A0889CD1B8AB59C0003445D /* UrlJson.h */,
				8A0889CE1B8AB59C0003445D /* UrlJson.m */,
				8A0889C41B8AB3E00003445D /* Service.h */,
				8A0889C51B8AB3E00003445D /* Service.m */,
				8A0889D01B8AB5BA0003445D /* ContentMapping.h */,
				8A0889D11B8AB5BA0003445D /* ContentMapping.m */,
				8A0889DA1B8ABDFA0003445D /* ReadPlist.h */,
				8A0889DB1B8ABDFA0003445D /* ReadPlist.m */,
				8A2AAF1D1B8C6B520043A127 /* ContentInfoMapping.h */,
				8A2AAF1E1B8C6B520043A127 /* ContentInfoMapping.m */,
			);
			name = Services;
			sourceTree = "<group>";
		};
		8A0889BD1B8AA4530003445D /* Resource */ = {
			isa = PBXGroup;
			children = (
				8A2AAF201B8C6DB00043A127 /* ContentImageFile */,
				8A088A581B8C02D50003445D /* URL.plist */,
				8A088A031B8B1A930003445D /* AlbumCover.png */,
				8A0889F21B8B09890003445D /* ContentAvatarFile */,
			);
			name = Resource;
			sourceTree = "<group>";
		};
		8A0889C01B8AAF4E0003445D /* Sections */ = {
			isa = PBXGroup;
			children = (
				8A0889B71B8AA2E20003445D /* NameAndAvatarSection.h */,
				8A0889B81B8AA2E20003445D /* NameAndAvatarSection.m */,
			);
			name = Sections;
			sourceTree = "<group>";
		};
		8A0889F21B8B09890003445D /* ContentAvatarFile */ = {
			isa = PBXGroup;
			children = (
				8A0889F31B8B09AE0003445D /* 1.png */,
				8A0889F41B8B09AE0003445D /* 2.png */,
				8A0889F51B8B09AE0003445D /* 3.png */,
				8A0889F61B8B09AE0003445D /* 4.png */,
				8A0889F71B8B09AE0003445D /* 5.png */,
				8A0889F81B8B09AE0003445D /* 6.png */,
				8A0889F91B8B09AE0003445D /* 7.png */,
			);
			name = ContentAvatarFile;
			sourceTree = "<group>";
		};
		8A088A051B8B22420003445D /* Controllers */ = {
			isa = PBXGroup;
			children = (
				8A0889921B8AA19F0003445D /* ViewController.h */,
				8A0889931B8AA19F0003445D /* ViewController.m */,
				8A088A061B8B22AB0003445D /* NavigationController.h */,
				8A088A071B8B22AB0003445D /* NavigationController.m */,
				8A088A0C1B8B27340003445D /* RootViewController.h */,
				8A088A0D1B8B27340003445D /* RootViewController.m */,
			);
			name = Controllers;
			sourceTree = "<group>";
		};
		8A088A5C1B8C1F630003445D /* Base */ = {
			isa = PBXGroup;
			children = (
				8A088A5D1B8C1F630003445D /* MJRefreshAutoFooter.h */,
				8A088A5E1B8C1F630003445D /* MJRefreshAutoFooter.m */,
				8A088A5F1B8C1F630003445D /* MJRefreshBackFooter.h */,
				8A088A601B8C1F630003445D /* MJRefreshBackFooter.m */,
				8A088A611B8C1F630003445D /* MJRefreshComponent.h */,
				8A088A621B8C1F630003445D /* MJRefreshComponent.m */,
				8A088A631B8C1F630003445D /* MJRefreshFooter.h */,
				8A088A641B8C1F630003445D /* MJRefreshFooter.m */,
				8A088A651B8C1F630003445D /* MJRefreshHeader.h */,
				8A088A661B8C1F630003445D /* MJRefreshHeader.m */,
			);
			path = Base;
			sourceTree = "<group>";
		};
		8A088A671B8C1F630003445D /* Custom */ = {
			isa = PBXGroup;
			children = (
				8A088A681B8C1F630003445D /* Footer */,
				8A088A771B8C1F630003445D /* Header */,
			);
			path = Custom;
			sourceTree = "<group>";
		};
		8A088A681B8C1F630003445D /* Footer */ = {
			isa = PBXGroup;
			children = (
				8A088A691B8C1F630003445D /* Auto */,
				8A088A701B8C1F630003445D /* Back */,
			);
			path = Footer;
			sourceTree = "<group>";
		};
		8A088A691B8C1F630003445D /* Auto */ = {
			isa = PBXGroup;
			children = (
				8A088A6A1B8C1F630003445D /* MJRefreshAutoGifFooter.h */,
				8A088A6B1B8C1F630003445D /* MJRefreshAutoGifFooter.m */,
				8A088A6C1B8C1F630003445D /* MJRefreshAutoNormalFooter.h */,
				8A088A6D1B8C1F630003445D /* MJRefreshAutoNormalFooter.m */,
				8A088A6E1B8C1F630003445D /* MJRefreshAutoStateFooter.h */,
				8A088A6F1B8C1F630003445D /* MJRefreshAutoStateFooter.m */,
			);
			path = Auto;
			sourceTree = "<group>";
		};
		8A088A701B8C1F630003445D /* Back */ = {
			isa = PBXGroup;
			children = (
				8A088A711B8C1F630003445D /* MJRefreshBackGifFooter.h */,
				8A088A721B8C1F630003445D /* MJRefreshBackGifFooter.m */,
				8A088A731B8C1F630003445D /* MJRefreshBackNormalFooter.h */,
				8A088A741B8C1F630003445D /* MJRefreshBackNormalFooter.m */,
				8A088A751B8C1F630003445D /* MJRefreshBackStateFooter.h */,
				8A088A761B8C1F630003445D /* MJRefreshBackStateFooter.m */,
			);
			path = Back;
			sourceTree = "<group>";
		};
		8A088A771B8C1F630003445D /* Header */ = {
			isa = PBXGroup;
			children = (
				8A088A781B8C1F630003445D /* MJRefreshGifHeader.h */,
				8A088A791B8C1F630003445D /* MJRefreshGifHeader.m */,
				8A088A7A1B8C1F630003445D /* MJRefreshNormalHeader.h */,
				8A088A7B1B8C1F630003445D /* MJRefreshNormalHeader.m */,
				8A088A7C1B8C1F630003445D /* MJRefreshStateHeader.h */,
				8A088A7D1B8C1F630003445D /* MJRefreshStateHeader.m */,
			);
			path = Header;
			sourceTree = "<group>";
		};
		8A2AAF201B8C6DB00043A127 /* ContentImageFile */ = {
			isa = PBXGroup;
			children = (
				8A2AAF391B8C718F0043A127 /* content1.png */,
				8A2AAF221B8C6E160043A127 /* content2.png */,
				8A2AAF231B8C6E160043A127 /* content3.png */,
				8A2AAF241B8C6E160043A127 /* content4.png */,
				8A2AAF251B8C6E160043A127 /* content5.png */,
				8A2AAF261B8C6E160043A127 /* content6.png */,
				8A2AAF271B8C6E160043A127 /* content7.png */,
				8A2AAF281B8C6E160043A127 /* content8.png */,
				8A2AAF291B8C6E160043A127 /* content9.png */,
				8A2AAF2A1B8C6E160043A127 /* content10.png */,
				8A2AAF2B1B8C6E160043A127 /* content11.png */,
				8A2AAF2C1B8C6E160043A127 /* content12.png */,
			);
			name = ContentImageFile;
			sourceTree = "<group>";
		};
/* End PBXGroup section */

/* Begin PBXNativeTarget section */
		8A0889871B8AA19F0003445D /* CircleOfFriends */ = {
			isa = PBXNativeTarget;
			buildConfigurationList = 8A0889AB1B8AA19F0003445D /* Build configuration list for PBXNativeTarget "CircleOfFriends" */;
			buildPhases = (
				8A0889841B8AA19F0003445D /* Sources */,
				8A0889851B8AA19F0003445D /* Frameworks */,
				8A0889861B8AA19F0003445D /* Resources */,
			);
			buildRules = (
			);
			dependencies = (
			);
			name = CircleOfFriends;
			productName = CircleOfFriends;
			productReference = 8A0889881B8AA19F0003445D /* CircleOfFriends.app */;
			productType = "com.apple.product-type.application";
		};
		8A0889A01B8AA19F0003445D /* CircleOfFriendsTests */ = {
			isa = PBXNativeTarget;
			buildConfigurationList = 8A0889AE1B8AA19F0003445D /* Build configuration list for PBXNativeTarget "CircleOfFriendsTests" */;
			buildPhases = (
				8A08899D1B8AA19F0003445D /* Sources */,
				8A08899E1B8AA19F0003445D /* Frameworks */,
				8A08899F1B8AA19F0003445D /* Resources */,
			);
			buildRules = (
			);
			dependencies = (
				8A0889A31B8AA19F0003445D /* PBXTargetDependency */,
			);
			name = CircleOfFriendsTests;
			productName = CircleOfFriendsTests;
			productReference = 8A0889A11B8AA19F0003445D /* CircleOfFriendsTests.xctest */;
			productType = "com.apple.product-type.bundle.unit-test";
		};
/* End PBXNativeTarget section */

/* Begin PBXProject section */
		8A0889801B8AA19F0003445D /* Project object */ = {
			isa = PBXProject;
			attributes = {
				LastUpgradeCheck = 0630;
				ORGANIZATIONNAME = Zlien;
				TargetAttributes = {
					8A0889871B8AA19F0003445D = {
						CreatedOnToolsVersion = 6.3.1;
					};
					8A0889A01B8AA19F0003445D = {
						CreatedOnToolsVersion = 6.3.1;
						TestTargetID = 8A0889871B8AA19F0003445D;
					};
				};
			};
			buildConfigurationList = 8A0889831B8AA19F0003445D /* Build configuration list for PBXProject "CircleOfFriends" */;
			compatibilityVersion = "Xcode 3.2";
			developmentRegion = English;
			hasScannedForEncodings = 0;
			knownRegions = (
				en,
				Base,
			);
			mainGroup = 8A08897F1B8AA19F0003445D;
			productRefGroup = 8A0889891B8AA19F0003445D /* Products */;
			projectDirPath = "";
			projectRoot = "";
			targets = (
				8A0889871B8AA19F0003445D /* CircleOfFriends */,
				8A0889A01B8AA19F0003445D /* CircleOfFriendsTests */,
			);
		};
/* End PBXProject section */

/* Begin PBXResourcesBuildPhase section */
		8A0889861B8AA19F0003445D /* Resources */ = {
			isa = PBXResourcesBuildPhase;
			buildActionMask = 2147483647;
			files = (
				8A0889FF1B8B09AE0003445D /* 6.png in Resources */,
				8A0889DF1B8ABF3B0003445D /* content.json in Resources */,
				8A0889971B8AA19F0003445D /* Main.storyboard in Resources */,
				8A088A041B8B1A930003445D /* AlbumCover.png in Resources */,
				8A088A101B8B27340003445D /* RootViewController.xib in Resources */,
				8A3D43F61B8D4E4400B57C15 /* like.png in Resources */,
				8A2AAF3A1B8C718F0043A127 /* content1.png in Resources */,
				8A2AAF381B8C6E160043A127 /* content12.png in Resources */,
				8A088A591B8C02D50003445D /* URL.plist in Resources */,
				8A08899C1B8AA19F0003445D /* LaunchScreen.xib in Resources */,
				8AE438AC1B8EDED10076860F /* ImageAvatar.png in Resources */,
				8A0889FD1B8B09AE0003445D /* 4.png in Resources */,
				8A2AAF331B8C6E160043A127 /* content7.png in Resources */,
				8A2AAF341B8C6E160043A127 /* content8.png in Resources */,
				8A088A961B8C1F630003445D /* MJRefresh.bundle in Resources */,
				8A088A001B8B09AE0003445D /* 7.png in Resources */,
				8A0889FC1B8B09AE0003445D /* 3.png in Resources */,
				8A2AAF321B8C6E160043A127 /* content6.png in Resources */,
				8A2AAF351B8C6E160043A127 /* content9.png in Resources */,
				8A2AAF361B8C6E160043A127 /* content10.png in Resources */,
				8A0889991B8AA19F0003445D /* Images.xcassets in Resources */,
				8A2AAF2F1B8C6E160043A127 /* content3.png in Resources */,
				8A0889FA1B8B09AE0003445D /* 1.png in Resources */,
				8A2AAF301B8C6E160043A127 /* content4.png in Resources */,
				8A2AAF2E1B8C6E160043A127 /* content2.png in Resources */,
				8AE4389C1B8EA6D80076860F /* reply.png in Resources */,
				8A0889FE1B8B09AE0003445D /* 5.png in Resources */,
				8A2AAF311B8C6E160043A127 /* content5.png in Resources */,
				8A0889FB1B8B09AE0003445D /* 2.png in Resources */,
				8A2AAF371B8C6E160043A127 /* content11.png in Resources */,
			);
			runOnlyForDeploymentPostprocessing = 0;
		};
		8A08899F1B8AA19F0003445D /* Resources */ = {
			isa = PBXResourcesBuildPhase;
			buildActionMask = 2147483647;
			files = (
			);
			runOnlyForDeploymentPostprocessing = 0;
		};
/* End PBXResourcesBuildPhase section */

/* Begin PBXSourcesBuildPhase section */
		8A0889841B8AA19F0003445D /* Sources */ = {
			isa = PBXSourcesBuildPhase;
			buildActionMask = 2147483647;
			files = (
				8A088A941B8C1F630003445D /* MJRefreshNormalHeader.m in Sources */,
				8A088A8A1B8C1F630003445D /* MJRefreshComponent.m in Sources */,
				8A0889B91B8AA2E20003445D /* NameAndAvatarSection.m in Sources */,
				8A088A991B8C1F630003445D /* UIScrollView+MJRefresh.m in Sources */,
				8A088A121B8B36240003445D /* ReadJson.m in Sources */,
				8A0889941B8AA19F0003445D /* ViewController.m in Sources */,
				8A088A081B8B22AB0003445D /* NavigationController.m in Sources */,
				8A088A9A1B8C1F630003445D /* UIView+MJExtension.m in Sources */,
				8A088A8E1B8C1F630003445D /* MJRefreshAutoNormalFooter.m in Sources */,
				8A088A8B1B8C1F630003445D /* MJRefreshFooter.m in Sources */,
				8A0889CF1B8AB59C0003445D /* UrlJson.m in Sources */,
				8A088A951B8C1F630003445D /* MJRefreshStateHeader.m in Sources */,
				8A088A8D1B8C1F630003445D /* MJRefreshAutoGifFooter.m in Sources */,
				8A0889911B8AA19F0003445D /* AppDelegate.m in Sources */,
				8A088A891B8C1F630003445D /* MJRefreshBackFooter.m in Sources */,
				8A088A921B8C1F630003445D /* MJRefreshBackStateFooter.m in Sources */,
				8A088A931B8C1F630003445D /* MJRefreshGifHeader.m in Sources */,
				8A08898E1B8AA19F0003445D /* main.m in Sources */,
				8A2AAF1F1B8C6B520043A127 /* ContentInfoMapping.m in Sources */,
				8A0889C61B8AB3E00003445D /* Service.m in Sources */,
				8A088A0F1B8B27340003445D /* RootViewController.m in Sources */,
				8A0889D21B8AB5BA0003445D /* ContentMapping.m in Sources */,
				8A088A881B8C1F630003445D /* MJRefreshAutoFooter.m in Sources */,
				8A088A971B8C1F630003445D /* MJRefreshConst.m in Sources */,
				8AE438991B8DEAA30076860F /* FeedFrame.m in Sources */,
				8A088A901B8C1F630003445D /* MJRefreshBackGifFooter.m in Sources */,
				8A088A8C1B8C1F630003445D /* MJRefreshHeader.m in Sources */,
				8A088A981B8C1F630003445D /* UIScrollView+MJExtension.m in Sources */,
				8A088A8F1B8C1F630003445D /* MJRefreshAutoStateFooter.m in Sources */,
				8A0889D51B8AB8680003445D /* ContentModel.m in Sources */,
				8A088A911B8C1F630003445D /* MJRefreshBackNormalFooter.m in Sources */,
				8A0889DC1B8ABDFA0003445D /* ReadPlist.m in Sources */,
				8A0889F11B8B02CD0003445D /* ContentCell.m in Sources */,
			);
			runOnlyForDeploymentPostprocessing = 0;
		};
		8A08899D1B8AA19F0003445D /* Sources */ = {
			isa = PBXSourcesBuildPhase;
			buildActionMask = 2147483647;
			files = (
				8A0889A81B8AA19F0003445D /* CircleOfFriendsTests.m in Sources */,
			);
			runOnlyForDeploymentPostprocessing = 0;
		};
/* End PBXSourcesBuildPhase section */

/* Begin PBXTargetDependency section */
		8A0889A31B8AA19F0003445D /* PBXTargetDependency */ = {
			isa = PBXTargetDependency;
			target = 8A0889871B8AA19F0003445D /* CircleOfFriends */;
			targetProxy = 8A0889A21B8AA19F0003445D /* PBXContainerItemProxy */;
		};
/* End PBXTargetDependency section */

/* Begin PBXVariantGroup section */
		8A0889951B8AA19F0003445D /* Main.storyboard */ = {
			isa = PBXVariantGroup;
			children = (
				8A0889961B8AA19F0003445D /* Base */,
			);
			name = Main.storyboard;
			sourceTree = "<group>";
		};
		8A08899A1B8AA19F0003445D /* LaunchScreen.xib */ = {
			isa = PBXVariantGroup;
			children = (
				8A08899B1B8AA19F0003445D /* Base */,
			);
			name = LaunchScreen.xib;
			sourceTree = "<group>";
		};
/* End PBXVariantGroup section */

/* Begin XCBuildConfiguration section */
		8A0889A91B8AA19F0003445D /* Debug */ = {
			isa = XCBuildConfiguration;
			buildSettings = {
				ALWAYS_SEARCH_USER_PATHS = NO;
				CLANG_CXX_LANGUAGE_STANDARD = "gnu++0x";
				CLANG_CXX_LIBRARY = "libc++";
				CLANG_ENABLE_MODULES = YES;
				CLANG_ENABLE_OBJC_ARC = YES;
				CLANG_WARN_BOOL_CONVERSION = YES;
				CLANG_WARN_CONSTANT_CONVERSION = YES;
				CLANG_WARN_DIRECT_OBJC_ISA_USAGE = YES_ERROR;
				CLANG_WARN_EMPTY_BODY = YES;
				CLANG_WARN_ENUM_CONVERSION = YES;
				CLANG_WARN_INT_CONVERSION = YES;
				CLANG_WARN_OBJC_ROOT_CLASS = YES_ERROR;
				CLANG_WARN_UNREACHABLE_CODE = YES;
				CLANG_WARN__DUPLICATE_METHOD_MATCH = YES;
				"CODE_SIGN_IDENTITY[sdk=iphoneos*]" = "iPhone Developer";
				COPY_PHASE_STRIP = NO;
				DEBUG_INFORMATION_FORMAT = "dwarf-with-dsym";
				ENABLE_STRICT_OBJC_MSGSEND = YES;
				GCC_C_LANGUAGE_STANDARD = gnu99;
				GCC_DYNAMIC_NO_PIC = NO;
				GCC_NO_COMMON_BLOCKS = YES;
				GCC_OPTIMIZATION_LEVEL = 0;
				GCC_PREPROCESSOR_DEFINITIONS = (
					"DEBUG=1",
					"$(inherited)",
				);
				GCC_SYMBOLS_PRIVATE_EXTERN = NO;
				GCC_WARN_64_TO_32_BIT_CONVERSION = YES;
				GCC_WARN_ABOUT_RETURN_TYPE = YES_ERROR;
				GCC_WARN_UNDECLARED_SELECTOR = YES;
				GCC_WARN_UNINITIALIZED_AUTOS = YES_AGGRESSIVE;
				GCC_WARN_UNUSED_FUNCTION = YES;
				GCC_WARN_UNUSED_VARIABLE = YES;
				IPHONEOS_DEPLOYMENT_TARGET = 8.3;
				MTL_ENABLE_DEBUG_INFO = YES;
				ONLY_ACTIVE_ARCH = YES;
				SDKROOT = iphoneos;
			};
			name = Debug;
		};
		8A0889AA1B8AA19F0003445D /* Release */ = {
			isa = XCBuildConfiguration;
			buildSettings = {
				ALWAYS_SEARCH_USER_PATHS = NO;
				CLANG_CXX_LANGUAGE_STANDARD = "gnu++0x";
				CLANG_CXX_LIBRARY = "libc++";
				CLANG_ENABLE_MODULES = YES;
				CLANG_ENABLE_OBJC_ARC = YES;
				CLANG_WARN_BOOL_CONVERSION = YES;
				CLANG_WARN_CONSTANT_CONVERSION = YES;
				CLANG_WARN_DIRECT_OBJC_ISA_USAGE = YES_ERROR;
				CLANG_WARN_EMPTY_BODY = YES;
				CLANG_WARN_ENUM_CONVERSION = YES;
				CLANG_WARN_INT_CONVERSION = YES;
				CLANG_WARN_OBJC_ROOT_CLASS = YES_ERROR;
				CLANG_WARN_UNREACHABLE_CODE = YES;
				CLANG_WARN__DUPLICATE_METHOD_MATCH = YES;
				"CODE_SIGN_IDENTITY[sdk=iphoneos*]" = "iPhone Developer";
				COPY_PHASE_STRIP = NO;
				DEBUG_INFORMATION_FORMAT = "dwarf-with-dsym";
				ENABLE_NS_ASSERTIONS = NO;
				ENABLE_STRICT_OBJC_MSGSEND = YES;
				GCC_C_LANGUAGE_STANDARD = gnu99;
				GCC_NO_COMMON_BLOCKS = YES;
				GCC_WARN_64_TO_32_BIT_CONVERSION = YES;
				GCC_WARN_ABOUT_RETURN_TYPE = YES_ERROR;
				GCC_WARN_UNDECLARED_SELECTOR = YES;
				GCC_WARN_UNINITIALIZED_AUTOS = YES_AGGRESSIVE;
				GCC_WARN_UNUSED_FUNCTION = YES;
				GCC_WARN_UNUSED_VARIABLE = YES;
				IPHONEOS_DEPLOYMENT_TARGET = 8.3;
				MTL_ENABLE_DEBUG_INFO = NO;
				SDKROOT = iphoneos;
				VALIDATE_PRODUCT = YES;
			};
			name = Release;
		};
		8A0889AC1B8AA19F0003445D /* Debug */ = {
			isa = XCBuildConfiguration;
			buildSettings = {
				ASSETCATALOG_COMPILER_APPICON_NAME = AppIcon;
				GCC_PREFIX_HEADER = "CircleOfFriends/CircleOfFriends-Prefix.pch";
				INFOPLIST_FILE = CircleOfFriends/Info.plist;
				LD_RUNPATH_SEARCH_PATHS = "$(inherited) @executable_path/Frameworks";
				PRODUCT_NAME = "$(TARGET_NAME)";
			};
			name = Debug;
		};
		8A0889AD1B8AA19F0003445D /* Release */ = {
			isa = XCBuildConfiguration;
			buildSettings = {
				ASSETCATALOG_COMPILER_APPICON_NAME = AppIcon;
				GCC_PREFIX_HEADER = "CircleOfFriends/CircleOfFriends-Prefix.pch";
				INFOPLIST_FILE = CircleOfFriends/Info.plist;
				LD_RUNPATH_SEARCH_PATHS = "$(inherited) @executable_path/Frameworks";
				PRODUCT_NAME = "$(TARGET_NAME)";
			};
			name = Release;
		};
		8A0889AF1B8AA19F0003445D /* Debug */ = {
			isa = XCBuildConfiguration;
			buildSettings = {
				BUNDLE_LOADER = "$(TEST_HOST)";
				FRAMEWORK_SEARCH_PATHS = (
					"$(SDKROOT)/Developer/Library/Frameworks",
					"$(inherited)",
				);
				GCC_PREPROCESSOR_DEFINITIONS = (
					"DEBUG=1",
					"$(inherited)",
				);
				INFOPLIST_FILE = CircleOfFriendsTests/Info.plist;
				LD_RUNPATH_SEARCH_PATHS = "$(inherited) @executable_path/Frameworks @loader_path/Frameworks";
				PRODUCT_NAME = "$(TARGET_NAME)";
				TEST_HOST = "$(BUILT_PRODUCTS_DIR)/CircleOfFriends.app/CircleOfFriends";
			};
			name = Debug;
		};
		8A0889B01B8AA19F0003445D /* Release */ = {
			isa = XCBuildConfiguration;
			buildSettings = {
				BUNDLE_LOADER = "$(TEST_HOST)";
				FRAMEWORK_SEARCH_PATHS = (
					"$(SDKROOT)/Developer/Library/Frameworks",
					"$(inherited)",
				);
				INFOPLIST_FILE = CircleOfFriendsTests/Info.plist;
				LD_RUNPATH_SEARCH_PATHS = "$(inherited) @executable_path/Frameworks @loader_path/Frameworks";
				PRODUCT_NAME = "$(TARGET_NAME)";
				TEST_HOST = "$(BUILT_PRODUCTS_DIR)/CircleOfFriends.app/CircleOfFriends";
			};
			name = Release;
		};
/* End XCBuildConfiguration section */

/* Begin XCConfigurationList section */
		8A0889831B8AA19F0003445D /* Build configuration list for PBXProject "CircleOfFriends" */ = {
			isa = XCConfigurationList;
			buildConfigurations = (
				8A0889A91B8AA19F0003445D /* Debug */,
				8A0889AA1B8AA19F0003445D /* Release */,
			);
			defaultConfigurationIsVisible = 0;
			defaultConfigurationName = Release;
		};
		8A0889AB1B8AA19F0003445D /* Build configuration list for PBXNativeTarget "CircleOfFriends" */ = {
			isa = XCConfigurationList;
			buildConfigurations = (
				8A0889AC1B8AA19F0003445D /* Debug */,
				8A0889AD1B8AA19F0003445D /* Release */,
			);
			defaultConfigurationIsVisible = 0;
			defaultConfigurationName = Release;
		};
		8A0889AE1B8AA19F0003445D /* Build configuration list for PBXNativeTarget "CircleOfFriendsTests" */ = {
			isa = XCConfigurationList;
			buildConfigurations = (
				8A0889AF1B8AA19F0003445D /* Debug */,
				8A0889B01B8AA19F0003445D /* Release */,
			);
			defaultConfigurationIsVisible = 0;
			defaultConfigurationName = Release;
		};
/* End XCConfigurationList section */
	};
	rootObject = 8A0889801B8AA19F0003445D /* Project object */;
}
